
Microsoft Visual Studio Solution File, Format Version 12.00
# Visual Studio 15
VisualStudioVersion = 15.0.27130.2010
MinimumVisualStudioVersion = 10.0.40219.1
Project("{9A19103F-16F7-4668-BE54-9A1E7A4F7556}") = "BlackYellow.MVC", "BlackYellow.MVC\BlackYellow.MVC.csproj", "{8748C4F7-1A98-45F5-A822-71AB662DA0C5}"
EndProject
Project("{9A19103F-16F7-4668-BE54-9A1E7A4F7556}") = "BlackYellow.Domain", "BlackYellow.Domain\BlackYellow.Domain.csproj", "{8DEE5558-24D7-42B0-AFFD-4B9B1DBF5305}"
EndProject
Project("{9A19103F-16F7-4668-BE54-9A1E7A4F7556}") = "BlackYellow.Infrastructure", "BlackYellow.Infrastructure\BlackYellow.Infrastructure.csproj", "{12762096-F084-48DB-9672-948DFFB75F61}"
EndProject
Project("{9A19103F-16F7-4668-BE54-9A1E7A4F7556}") = "BlackYellow.Infra.CrossCuting.Security", "BlackYellow.Infra.CrossCuting.Security\BlackYellow.Infra.CrossCuting.Security.csproj", "{7656A509-0D20-42AE-B2E6-4E3EA05EEFE2}"
EndProject
Project("{9A19103F-16F7-4668-BE54-9A1E7A4F7556}") = "BlackYellow.Service", "BlackYellow.Service\BlackYellow.Service.csproj", "{28674AA6-800D-4575-9DA2-45F8631F3F57}"
EndProject
Project("{9A19103F-16F7-4668-BE54-9A1E7A4F7556}") = "BlackYellow.UnitTests", "BlackYellow.UnitTests\BlackYellow.UnitTests.csproj", "{63E61A81-4DEF-42F2-866C-619CA6F73BD1}"
EndProject
Project("{9A19103F-16F7-4668-BE54-9A1E7A4F7556}") = "BlackYellow.BDD", "BlackYellow.BDD\BlackYellow.BDD.csproj", "{359A0EB2-0237-4DF2-9762-E76575B4FB8B}"
EndProject
Project("{2150E333-8FDC-42A3-9474-1A3956D46DE8}") = "Authentication", "Authentication", "{DFF77229-B223-43D1-AA7C-B41292A2714D}"
EndProject
Project("{2150E333-8FDC-42A3-9474-1A3956D46DE8}") = "Application", "Application", "{6904C2E5-BAFC-4611-A29A-0B8D6ADBF3D7}"
EndProject
Project("{2150E333-8FDC-42A3-9474-1A3956D46DE8}") = "Data", "Data", "{22106CC4-304C-4CC1-AC37-CEF4BDBE6ABD}"
EndProject
Project("{2150E333-8FDC-42A3-9474-1A3956D46DE8}") = "Domain", "Domain", "{E1F923A2-78F9-4350-8954-9A0B6F771111}"
EndProject
Project("{2150E333-8FDC-42A3-9474-1A3956D46DE8}") = "Infra", "Infra", "{085D2017-7E56-4903-B8EA-A0CAE136353D}"
EndProject
Project("{2150E333-8FDC-42A3-9474-1A3956D46DE8}") = "Tests", "Tests", "{BAC40174-54FB-4394-918C-940B82EE8312}"
EndProject
Project("{9A19103F-16F7-4668-BE54-9A1E7A4F7556}") = "BlackYellow.Authentication.Application", "BlackYellow.Authentication.Application\BlackYellow.Authentication.Application.csproj", "{29814AAA-5659-46A8-ACBE-E7C491806E56}"
EndProject
Project("{9A19103F-16F7-4668-BE54-9A1E7A4F7556}") = "BlackYellow.Authentication.Domain", "BlackYellow.Authentication.Domain\BlackYellow.Authentication.Domain.csproj", "{E7A4453A-30E3-4D10-9F1B-1EE66BD041A3}"
EndProject
Project("{9A19103F-16F7-4668-BE54-9A1E7A4F7556}") = "BlackYellow.Authetication.Data", "BlackYellow.Authetication.Data\BlackYellow.Authetication.Data.csproj", "{3749FE96-F8F5-452F-9763-893543C040BB}"
EndProject
Project("{2150E333-8FDC-42A3-9474-1A3956D46DE8}") = "Core", "Core", "{973E56D3-10AE-4878-9988-3D5EF4E2DEF6}"
EndProject
Project("{FAE04EC0-301F-11D3-BF4B-00C04F79EFBC}") = "BlackYellow.Core.Domain", "BlackYellow.Core.Domain\BlackYellow.Core.Domain.csproj", "{567E957A-35AC-4C41-ADCB-8807FDF1F5DD}"
EndProject
Project("{2150E333-8FDC-42A3-9474-1A3956D46DE8}") = "API", "API", "{DB25EA9F-6476-4A3E-8FC5-252A4C31A267}"
EndProject
Project("{FAE04EC0-301F-11D3-BF4B-00C04F79EFBC}") = "BlackYellow.API", "BlackYellow.API\BlackYellow.API.csproj", "{E1FF8AF7-AEF2-46D2-BC09-8DD181520DB9}"
EndProject
Global
	GlobalSection(SolutionConfigurationPlatforms) = preSolution
		Debug|Any CPU = Debug|Any CPU
		Release|Any CPU = Release|Any CPU
	EndGlobalSection
	GlobalSection(ProjectConfigurationPlatforms) = postSolution
		{8748C4F7-1A98-45F5-A822-71AB662DA0C5}.Debug|Any CPU.ActiveCfg = Debug|Any CPU
		{8748C4F7-1A98-45F5-A822-71AB662DA0C5}.Debug|Any CPU.Build.0 = Debug|Any CPU
		{8748C4F7-1A98-45F5-A822-71AB662DA0C5}.Release|Any CPU.ActiveCfg = Release|Any CPU
		{8748C4F7-1A98-45F5-A822-71AB662DA0C5}.Release|Any CPU.Build.0 = Release|Any CPU
		{8DEE5558-24D7-42B0-AFFD-4B9B1DBF5305}.Debug|Any CPU.ActiveCfg = Debug|Any CPU
		{8DEE5558-24D7-42B0-AFFD-4B9B1DBF5305}.Debug|Any CPU.Build.0 = Debug|Any CPU
		{8DEE5558-24D7-42B0-AFFD-4B9B1DBF5305}.Release|Any CPU.ActiveCfg = Release|Any CPU
		{8DEE5558-24D7-42B0-AFFD-4B9B1DBF5305}.Release|Any CPU.Build.0 = Release|Any CPU
		{12762096-F084-48DB-9672-948DFFB75F61}.Debug|Any CPU.ActiveCfg = Debug|Any CPU
		{12762096-F084-48DB-9672-948DFFB75F61}.Debug|Any CPU.Build.0 = Debug|Any CPU
		{12762096-F084-48DB-9672-948DFFB75F61}.Release|Any CPU.ActiveCfg = Release|Any CPU
		{12762096-F084-48DB-9672-948DFFB75F61}.Release|Any CPU.Build.0 = Release|Any CPU
		{7656A509-0D20-42AE-B2E6-4E3EA05EEFE2}.Debug|Any CPU.ActiveCfg = Debug|Any CPU
		{7656A509-0D20-42AE-B2E6-4E3EA05EEFE2}.Debug|Any CPU.Build.0 = Debug|Any CPU
		{7656A509-0D20-42AE-B2E6-4E3EA05EEFE2}.Release|Any CPU.ActiveCfg = Release|Any CPU
		{7656A509-0D20-42AE-B2E6-4E3EA05EEFE2}.Release|Any CPU.Build.0 = Release|Any CPU
		{28674AA6-800D-4575-9DA2-45F8631F3F57}.Debug|Any CPU.ActiveCfg = Debug|Any CPU
		{28674AA6-800D-4575-9DA2-45F8631F3F57}.Debug|Any CPU.Build.0 = Debug|Any CPU
		{28674AA6-800D-4575-9DA2-45F8631F3F57}.Release|Any CPU.ActiveCfg = Release|Any CPU
		{28674AA6-800D-4575-9DA2-45F8631F3F57}.Release|Any CPU.Build.0 = Release|Any CPU
		{63E61A81-4DEF-42F2-866C-619CA6F73BD1}.Debug|Any CPU.ActiveCfg = Debug|Any CPU
		{63E61A81-4DEF-42F2-866C-619CA6F73BD1}.Debug|Any CPU.Build.0 = Debug|Any CPU
		{63E61A81-4DEF-42F2-866C-619CA6F73BD1}.Release|Any CPU.ActiveCfg = Release|Any CPU
		{63E61A81-4DEF-42F2-866C-619CA6F73BD1}.Release|Any CPU.Build.0 = Release|Any CPU
		{359A0EB2-0237-4DF2-9762-E76575B4FB8B}.Debug|Any CPU.ActiveCfg = Debug|Any CPU
		{359A0EB2-0237-4DF2-9762-E76575B4FB8B}.Debug|Any CPU.Build.0 = Debug|Any CPU
		{359A0EB2-0237-4DF2-9762-E76575B4FB8B}.Release|Any CPU.ActiveCfg = Release|Any CPU
		{359A0EB2-0237-4DF2-9762-E76575B4FB8B}.Release|Any CPU.Build.0 = Release|Any CPU
		{29814AAA-5659-46A8-ACBE-E7C491806E56}.Debug|Any CPU.ActiveCfg = Debug|Any CPU
		{29814AAA-5659-46A8-ACBE-E7C491806E56}.Debug|Any CPU.Build.0 = Debug|Any CPU
		{29814AAA-5659-46A8-ACBE-E7C491806E56}.Release|Any CPU.ActiveCfg = Release|Any CPU
		{29814AAA-5659-46A8-ACBE-E7C491806E56}.Release|Any CPU.Build.0 = Release|Any CPU
		{E7A4453A-30E3-4D10-9F1B-1EE66BD041A3}.Debug|Any CPU.ActiveCfg = Debug|Any CPU
		{E7A4453A-30E3-4D10-9F1B-1EE66BD041A3}.Debug|Any CPU.Build.0 = Debug|Any CPU
		{E7A4453A-30E3-4D10-9F1B-1EE66BD041A3}.Release|Any CPU.ActiveCfg = Release|Any CPU
		{E7A4453A-30E3-4D10-9F1B-1EE66BD041A3}.Release|Any CPU.Build.0 = Release|Any CPU
		{3749FE96-F8F5-452F-9763-893543C040BB}.Debug|Any CPU.ActiveCfg = Debug|Any CPU
		{3749FE96-F8F5-452F-9763-893543C040BB}.Debug|Any CPU.Build.0 = Debug|Any CPU
		{3749FE96-F8F5-452F-9763-893543C040BB}.Release|Any CPU.ActiveCfg = Release|Any CPU
		{3749FE96-F8F5-452F-9763-893543C040BB}.Release|Any CPU.Build.0 = Release|Any CPU
		{567E957A-35AC-4C41-ADCB-8807FDF1F5DD}.Debug|Any CPU.ActiveCfg = Debug|Any CPU
		{567E957A-35AC-4C41-ADCB-8807FDF1F5DD}.Debug|Any CPU.Build.0 = Debug|Any CPU
		{567E957A-35AC-4C41-ADCB-8807FDF1F5DD}.Release|Any CPU.ActiveCfg = Release|Any CPU
		{567E957A-35AC-4C41-ADCB-8807FDF1F5DD}.Release|Any CPU.Build.0 = Release|Any CPU
		{E1FF8AF7-AEF2-46D2-BC09-8DD181520DB9}.Debug|Any CPU.ActiveCfg = Debug|Any CPU
		{E1FF8AF7-AEF2-46D2-BC09-8DD181520DB9}.Debug|Any CPU.Build.0 = Debug|Any CPU
		{E1FF8AF7-AEF2-46D2-BC09-8DD181520DB9}.Release|Any CPU.ActiveCfg = Release|Any CPU
		{E1FF8AF7-AEF2-46D2-BC09-8DD181520DB9}.Release|Any CPU.Build.0 = Release|Any CPU
	EndGlobalSection
	GlobalSection(SolutionProperties) = preSolution
		HideSolutionNode = FALSE
	EndGlobalSection
	GlobalSection(NestedProjects) = preSolution
		{6904C2E5-BAFC-4611-A29A-0B8D6ADBF3D7} = {DFF77229-B223-43D1-AA7C-B41292A2714D}
		{22106CC4-304C-4CC1-AC37-CEF4BDBE6ABD} = {DFF77229-B223-43D1-AA7C-B41292A2714D}
		{E1F923A2-78F9-4350-8954-9A0B6F771111} = {DFF77229-B223-43D1-AA7C-B41292A2714D}
		{085D2017-7E56-4903-B8EA-A0CAE136353D} = {DFF77229-B223-43D1-AA7C-B41292A2714D}
		{BAC40174-54FB-4394-918C-940B82EE8312} = {DFF77229-B223-43D1-AA7C-B41292A2714D}
		{29814AAA-5659-46A8-ACBE-E7C491806E56} = {6904C2E5-BAFC-4611-A29A-0B8D6ADBF3D7}
		{E7A4453A-30E3-4D10-9F1B-1EE66BD041A3} = {E1F923A2-78F9-4350-8954-9A0B6F771111}
		{3749FE96-F8F5-452F-9763-893543C040BB} = {22106CC4-304C-4CC1-AC37-CEF4BDBE6ABD}
		{567E957A-35AC-4C41-ADCB-8807FDF1F5DD} = {973E56D3-10AE-4878-9988-3D5EF4E2DEF6}
		{E1FF8AF7-AEF2-46D2-BC09-8DD181520DB9} = {DB25EA9F-6476-4A3E-8FC5-252A4C31A267}
	EndGlobalSection
	GlobalSection(ExtensibilityGlobals) = postSolution
		SolutionGuid = {13DFF897-B61D-4B99-A2A0-AF798119F64E}
	EndGlobalSection
EndGlobal
